
Microsoft Visual Studio Solution File, Format Version 12.00
# Visual Studio Version 17
VisualStudioVersion = 17.0.32014.148
MinimumVisualStudioVersion = 10.0.40219.1
Project("{FAE04EC0-301F-11D3-BF4B-00C04F79EFBC}") = "Jogo da velha", "Jogo da velha\Jogo da velha.csproj", "{AEA68F24-88DF-4BCB-97CC-01315A32876B}"
EndProject
Project("{54435603-DBB4-11D2-8724-00A0C9A8B90C}") = "JogoDaVelha", "JogoDaVelha\JogoDaVelha.vdproj", "{7FDBC480-D842-426F-A702-E7248F1FA2FD}"
EndProject
Global
	GlobalSection(SolutionConfigurationPlatforms) = preSolution
		Debug|Any CPU = Debug|Any CPU
		Release|Any CPU = Release|Any CPU
	EndGlobalSection
	GlobalSection(ProjectConfigurationPlatforms) = postSolution
		{AEA68F24-88DF-4BCB-97CC-01315A32876B}.Debug|Any CPU.ActiveCfg = Debug|Any CPU
		{AEA68F24-88DF-4BCB-97CC-01315A32876B}.Debug|Any CPU.Build.0 = Debug|Any CPU
		{AEA68F24-88DF-4BCB-97CC-01315A32876B}.Release|Any CPU.ActiveCfg = Release|Any CPU
		{AEA68F24-88DF-4BCB-97CC-01315A32876B}.Release|Any CPU.Build.0 = Release|Any CPU
		{7FDBC480-D842-426F-A702-E7248F1FA2FD}.Debug|Any CPU.ActiveCfg = Debug
		{7FDBC480-D842-426F-A702-E7248F1FA2FD}.Release|Any CPU.ActiveCfg = Release
	EndGlobalSection
	GlobalSection(SolutionProperties) = preSolution
		HideSolutionNode = FALSE
	EndGlobalSection
	GlobalSection(ExtensibilityGlobals) = postSolution
		SolutionGuid = {A99B15E4-5CF9-4712-9E37-1E6CB34D047C}
	EndGlobalSection
EndGlobal
